
Microsoft Visual Studio Solution File, Format Version 12.00
# Visual Studio 15
VisualStudioVersion = 15.0.28307.329
MinimumVisualStudioVersion = 10.0.40219.1
Project("{FAE04EC0-301F-11D3-BF4B-00C04F79EFBC}") = "Konmari-backend", "Konmari-backend.csproj", "{DFE3BF52-1941-4D2C-9FD0-2A25E099E4FB}"
EndProject
Global
	GlobalSection(SolutionConfigurationPlatforms) = preSolution
		Debug|Any CPU = Debug|Any CPU
		Release|Any CPU = Release|Any CPU
	EndGlobalSection
	GlobalSection(ProjectConfigurationPlatforms) = postSolution
		{DFE3BF52-1941-4D2C-9FD0-2A25E099E4FB}.Debug|Any CPU.ActiveCfg = Debug|Any CPU
		{DFE3BF52-1941-4D2C-9FD0-2A25E099E4FB}.Debug|Any CPU.Build.0 = Debug|Any CPU
		{DFE3BF52-1941-4D2C-9FD0-2A25E099E4FB}.Release|Any CPU.ActiveCfg = Release|Any CPU
		{DFE3BF52-1941-4D2C-9FD0-2A25E099E4FB}.Release|Any CPU.Build.0 = Release|Any CPU
	EndGlobalSection
	GlobalSection(SolutionProperties) = preSolution
		HideSolutionNode = FALSE
	EndGlobalSection
	GlobalSection(ExtensibilityGlobals) = postSolution
		SolutionGuid = {873EB500-2A64-49F1-8254-0DE65F9641A0}
	EndGlobalSection
EndGlobal
